# This file is generated by running "yarn install" inside your project.
# Manual changes might be lost - proceed with caution!

__metadata:
  version: 6
  cacheKey: 8

"@babel/helper-string-parser@npm:^7.18.10":
  version: 7.18.10
  resolution: "@babel/helper-string-parser@npm:7.18.10"
  checksum: d554a4393365b624916b5c00a4cc21c990c6617e7f3fe30be7d9731f107f12c33229a7a3db9d829bfa110d2eb9f04790745d421640e3bd245bb412dc0ea123c1
  languageName: node
  linkType: hard

"@babel/helper-validator-identifier@npm:^7.19.1":
  version: 7.19.1
  resolution: "@babel/helper-validator-identifier@npm:7.19.1"
  checksum: 0eca5e86a729162af569b46c6c41a63e18b43dbe09fda1d2a3c8924f7d617116af39cac5e4cd5d431bb760b4dca3c0970e0c444789b1db42bcf1fa41fbad0a3a
  languageName: node
  linkType: hard

"@babel/parser@npm:^7.16.4":
  version: 7.19.3
  resolution: "@babel/parser@npm:7.19.3"
  bin:
    parser: ./bin/babel-parser.js
  checksum: 854f1390328a8cea5d95ed2a8655a8976cdb41e72393845df0f86088dc777817a5e015a1a61739d312accccf1a22358fb70707a013d25596251cceba2c8985ee
  languageName: node
  linkType: hard

"@babel/types@npm:^7.8.3":
  version: 7.19.3
  resolution: "@babel/types@npm:7.19.3"
  dependencies:
    "@babel/helper-string-parser": ^7.18.10
    "@babel/helper-validator-identifier": ^7.19.1
    to-fast-properties: ^2.0.0
  checksum: 34a5b3db3b99a1a80ec2a784c2bb0e48769a38f1526dc377a5753a3ac5e5704663c405a393117ecc7a9df9da07b01625be7c4c3fee43ae46aba23b0c40928d77
  languageName: node
  linkType: hard

"@mfro/assert@workspace:assert":
  version: 0.0.0-use.local
  resolution: "@mfro/assert@workspace:assert"
  languageName: unknown
  linkType: soft

"@mfro/vue-ui@workspace:vue-ui":
  version: 0.0.0-use.local
  resolution: "@mfro/vue-ui@workspace:vue-ui"
  dependencies:
    ress: 3
    vue: 3
  peerDependencies:
    vue: 3
  languageName: unknown
  linkType: soft

"@vue/compiler-core@npm:3.2.40":
  version: 3.2.40
  resolution: "@vue/compiler-core@npm:3.2.40"
  dependencies:
    "@babel/parser": ^7.16.4
    "@vue/shared": 3.2.40
    estree-walker: ^2.0.2
    source-map: ^0.6.1
  checksum: 2683bf13ef93701af1ca4850e887c8d4d67e5583b9c426fc2b08b5512df090bc464955f031cca9f52c11cc6ad49f1ab682011fdf3ba0b6c63b5ae8bea4e68c69
  languageName: node
  linkType: hard

"@vue/compiler-dom@npm:3.2.40":
  version: 3.2.40
  resolution: "@vue/compiler-dom@npm:3.2.40"
  dependencies:
    "@vue/compiler-core": 3.2.40
    "@vue/shared": 3.2.40
  checksum: d928a16ebdda9d91a579546d108c9399f8c9a5c9c976196cfefa32f10c0ecb3111233c3291ba05898def85fcfccdc71e3446b977a7cdbc0d47d5d47b0dac75a3
  languageName: node
  linkType: hard

"@vue/compiler-sfc@npm:3.2.40":
  version: 3.2.40
  resolution: "@vue/compiler-sfc@npm:3.2.40"
  dependencies:
    "@babel/parser": ^7.16.4
    "@vue/compiler-core": 3.2.40
    "@vue/compiler-dom": 3.2.40
    "@vue/compiler-ssr": 3.2.40
    "@vue/reactivity-transform": 3.2.40
    "@vue/shared": 3.2.40
    estree-walker: ^2.0.2
    magic-string: ^0.25.7
    postcss: ^8.1.10
    source-map: ^0.6.1
  checksum: 96cbfd078ad9c5718afced84a1a46dfed87f61bb30ff50ebb929331470d11e672d6a090ad5766ff1e60a5287b7596be31f925af44b6b1bdf69b6f14e938ae7e2
  languageName: node
  linkType: hard

"@vue/compiler-ssr@npm:3.2.40":
  version: 3.2.40
  resolution: "@vue/compiler-ssr@npm:3.2.40"
  dependencies:
    "@vue/compiler-dom": 3.2.40
    "@vue/shared": 3.2.40
  checksum: 026461fcee54cf9968b1e12c32dada6dcde0a322919aa5a2c2e6e13cff7b6b2bdbc06860796895a8deef03ed1f8000e4320878576c498a1f218a62aa3e1c0bf6
  languageName: node
  linkType: hard

"@vue/reactivity-transform@npm:3.2.40":
  version: 3.2.40
  resolution: "@vue/reactivity-transform@npm:3.2.40"
  dependencies:
    "@babel/parser": ^7.16.4
    "@vue/compiler-core": 3.2.40
    "@vue/shared": 3.2.40
    estree-walker: ^2.0.2
    magic-string: ^0.25.7
  checksum: b86fc29b52f2460801a3c820370104b734b33cc3a66dbe0ad389a00a62b7a1069121b1ef5dfa50ca3530cbfa98c158743eee0e25af54ca45806f9497757db8c0
  languageName: node
  linkType: hard

"@vue/reactivity@npm:3.2.40":
  version: 3.2.40
  resolution: "@vue/reactivity@npm:3.2.40"
  dependencies:
    "@vue/shared": 3.2.40
  checksum: 927d22b424b63a14234810a3b8e4e9127b7238a7cb2fbd749180279048a109348a29fc724fd9d636a6e09b5f4c902f71c789f081d3ab9b4473faedc6a03d7865
  languageName: node
  linkType: hard

"@vue/runtime-core@npm:3.2.40":
  version: 3.2.40
  resolution: "@vue/runtime-core@npm:3.2.40"
  dependencies:
    "@vue/reactivity": 3.2.40
    "@vue/shared": 3.2.40
  checksum: 47c4918c1294a3dc9b50effac8fb0af4ae34476a9bf443774f66cd18230e44b6b6d1cb49657ea5670f04691fc116a1040356492393dd43523b43fd90be81078a
  languageName: node
  linkType: hard

"@vue/runtime-dom@npm:3.2.40":
  version: 3.2.40
  resolution: "@vue/runtime-dom@npm:3.2.40"
  dependencies:
    "@vue/runtime-core": 3.2.40
    "@vue/shared": 3.2.40
    csstype: ^2.6.8
  checksum: 4615d00cc4e2e19dc3e6e2baf5fa0cbab7d33fbbd7550b42264b6ef2e2ef5b750ef0d0c98591c10fea60d69fc33444ba4824954bce38abfa3473785a58d74c80
  languageName: node
  linkType: hard

"@vue/server-renderer@npm:3.2.40":
  version: 3.2.40
  resolution: "@vue/server-renderer@npm:3.2.40"
  dependencies:
    "@vue/compiler-ssr": 3.2.40
    "@vue/shared": 3.2.40
  peerDependencies:
    vue: 3.2.40
  checksum: f9d53aefcace97b9e6d20de2d9bc106112bd0ff0ef849a104996fc1256e994b64e33e91853ba7bc716d4f75a2ade81b57f3fb1482eba07324eb7cedbd0dab96d
  languageName: node
  linkType: hard

"@vue/shared@npm:3.2.40":
  version: 3.2.40
  resolution: "@vue/shared@npm:3.2.40"
  checksum: d91a1e12ffb106a444dcb42c0a54d39f6688f98151dc3b77e8da1e7d3cfd09e1761268d11e7f920f233b43162e727d06f3af4408ef59c53ac2dce9c1d2881511
  languageName: node
  linkType: hard

"csstype@npm:^2.6.8":
  version: 2.6.21
  resolution: "csstype@npm:2.6.21"
  checksum: 2ce8bc832375146eccdf6115a1f8565a27015b74cce197c35103b4494955e9516b246140425ad24103864076aa3e1257ac9bab25a06c8d931dd87a6428c9dccf
  languageName: node
  linkType: hard

"estree-walker@npm:^2.0.2":
  version: 2.0.2
  resolution: "estree-walker@npm:2.0.2"
  checksum: 6151e6f9828abe2259e57f5fd3761335bb0d2ebd76dc1a01048ccee22fabcfef3c0859300f6d83ff0d1927849368775ec5a6d265dde2f6de5a1be1721cd94efc
  languageName: node
  linkType: hard

"magic-string@npm:^0.25.7":
  version: 0.25.9
  resolution: "magic-string@npm:0.25.9"
  dependencies:
    sourcemap-codec: ^1.4.8
  checksum: 9a0e55a15c7303fc360f9572a71cffba1f61451bc92c5602b1206c9d17f492403bf96f946dfce7483e66822d6b74607262e24392e87b0ac27b786e69a40e9b1a
  languageName: node
  linkType: hard

"nanoid@npm:^3.3.4":
  version: 3.3.4
  resolution: "nanoid@npm:3.3.4"
  bin:
    nanoid: bin/nanoid.cjs
  checksum: 2fddd6dee994b7676f008d3ffa4ab16035a754f4bb586c61df5a22cf8c8c94017aadd360368f47d653829e0569a92b129979152ff97af23a558331e47e37cd9c
  languageName: node
  linkType: hard

"picocolors@npm:^1.0.0":
  version: 1.0.0
  resolution: "picocolors@npm:1.0.0"
  checksum: a2e8092dd86c8396bdba9f2b5481032848525b3dc295ce9b57896f931e63fc16f79805144321f72976383fc249584672a75cc18d6777c6b757603f372f745981
  languageName: node
  linkType: hard

"postcss@npm:^8.1.10":
  version: 8.4.17
  resolution: "postcss@npm:8.4.17"
  dependencies:
    nanoid: ^3.3.4
    picocolors: ^1.0.0
    source-map-js: ^1.0.2
  checksum: a6d9096dd711e17f7b1d18ff5dcb4fdedf3941d5a3dc8b0e4ea873b8f31972d57f73d6da9a8aed7ff389eb52190ed34f6a94f299a7f5ddc68b08a24a48f77eb9
  languageName: node
  linkType: hard

"ress@npm:3":
  version: 3.0.0
  resolution: "ress@npm:3.0.0"
  checksum: 4a28392b5737ff87aa3cad627889f52c70096c210a19cfa58141f10e7922731f509fa91f9b81cc3216344ab6fbf9ab8e655971fd685dcc5677e9c0495b627f87
  languageName: node
  linkType: hard

"root-workspace-0b6124@workspace:.":
  version: 0.0.0-use.local
  resolution: "root-workspace-0b6124@workspace:."
  languageName: unknown
  linkType: soft

"source-map-js@npm:^1.0.2":
  version: 1.0.2
  resolution: "source-map-js@npm:1.0.2"
  checksum: c049a7fc4deb9a7e9b481ae3d424cc793cb4845daa690bc5a05d428bf41bf231ced49b4cf0c9e77f9d42fdb3d20d6187619fc586605f5eabe995a316da8d377c
  languageName: node
  linkType: hard

"source-map@npm:^0.6.1":
  version: 0.6.1
  resolution: "source-map@npm:0.6.1"
  checksum: 59ce8640cf3f3124f64ac289012c2b8bd377c238e316fb323ea22fbfe83da07d81e000071d7242cad7a23cd91c7de98e4df8830ec3f133cb6133a5f6e9f67bc2
  languageName: node
  linkType: hard

"sourcemap-codec@npm:^1.4.8":
  version: 1.4.8
  resolution: "sourcemap-codec@npm:1.4.8"
  checksum: b57981c05611afef31605732b598ccf65124a9fcb03b833532659ac4d29ac0f7bfacbc0d6c5a28a03e84c7510e7e556d758d0bb57786e214660016fb94279316
  languageName: node
  linkType: hard

"to-fast-properties@npm:^2.0.0":
  version: 2.0.0
  resolution: "to-fast-properties@npm:2.0.0"
  checksum: be2de62fe58ead94e3e592680052683b1ec986c72d589e7b21e5697f8744cdbf48c266fa72f6c15932894c10187b5f54573a3bcf7da0bfd964d5caf23d436168
  languageName: node
  linkType: hard

"vue@npm:3":
  version: 3.2.40
  resolution: "vue@npm:3.2.40"
  dependencies:
    "@vue/compiler-dom": 3.2.40
    "@vue/compiler-sfc": 3.2.40
    "@vue/runtime-dom": 3.2.40
    "@vue/server-renderer": 3.2.40
    "@vue/shared": 3.2.40
  checksum: fb5ca87c16e58f24c0088add152ca1ef70ac6d198ec3a60e7904201c31aadefb2c28e361934c42a704742835cdd9c02ab5765f0c29e8335eb13261d7b764b0ee
  languageName: node
  linkType: hard
